
Microsoft Visual Studio Solution File, Format Version 12.00
# Visual Studio 15
VisualStudioVersion = 15.0.28107.0
MinimumVisualStudioVersion = 10.0.40219.1
Project("{FAE04EC0-301F-11D3-BF4B-00C04F79EFBC}") = "MapsConcept.Android", "MapsConcept\MapsConcept.Android\MapsConcept.Android.csproj", "{EACCDB9F-2193-4629-A3C6-488EF66E465D}"
EndProject
Project("{FAE04EC0-301F-11D3-BF4B-00C04F79EFBC}") = "MapsConcept.iOS", "MapsConcept\MapsConcept.iOS\MapsConcept.iOS.csproj", "{B0764FC7-DAD5-4C35-B4D4-C7E079700336}"
EndProject
Project("{FAE04EC0-301F-11D3-BF4B-00C04F79EFBC}") = "MapsConcept", "MapsConcept\MapsConcept\MapsConcept.csproj", "{998A9D70-0B4E-41D1-A6A4-9739980515BE}"
EndProject
Global
	GlobalSection(SolutionConfigurationPlatforms) = preSolution
		Ad-Hoc|Any CPU = Ad-Hoc|Any CPU
		Ad-Hoc|iPhone = Ad-Hoc|iPhone
		Ad-Hoc|iPhoneSimulator = Ad-Hoc|iPhoneSimulator
		AppStore|Any CPU = AppStore|Any CPU
		AppStore|iPhone = AppStore|iPhone
		AppStore|iPhoneSimulator = AppStore|iPhoneSimulator
		Debug|Any CPU = Debug|Any CPU
		Debug|iPhone = Debug|iPhone
		Debug|iPhoneSimulator = Debug|iPhoneSimulator
		Release|Any CPU = Release|Any CPU
		Release|iPhone = Release|iPhone
		Release|iPhoneSimulator = Release|iPhoneSimulator
	EndGlobalSection
	GlobalSection(ProjectConfigurationPlatforms) = postSolution
		{EACCDB9F-2193-4629-A3C6-488EF66E465D}.Ad-Hoc|Any CPU.ActiveCfg = Release|Any CPU
		{EACCDB9F-2193-4629-A3C6-488EF66E465D}.Ad-Hoc|Any CPU.Build.0 = Release|Any CPU
		{EACCDB9F-2193-4629-A3C6-488EF66E465D}.Ad-Hoc|Any CPU.Deploy.0 = Release|Any CPU
		{EACCDB9F-2193-4629-A3C6-488EF66E465D}.Ad-Hoc|iPhone.ActiveCfg = Release|Any CPU
		{EACCDB9F-2193-4629-A3C6-488EF66E465D}.Ad-Hoc|iPhone.Build.0 = Release|Any CPU
		{EACCDB9F-2193-4629-A3C6-488EF66E465D}.Ad-Hoc|iPhone.Deploy.0 = Release|Any CPU
		{EACCDB9F-2193-4629-A3C6-488EF66E465D}.Ad-Hoc|iPhoneSimulator.ActiveCfg = Release|Any CPU
		{EACCDB9F-2193-4629-A3C6-488EF66E465D}.Ad-Hoc|iPhoneSimulator.Build.0 = Release|Any CPU
		{EACCDB9F-2193-4629-A3C6-488EF66E465D}.Ad-Hoc|iPhoneSimulator.Deploy.0 = Release|Any CPU
		{EACCDB9F-2193-4629-A3C6-488EF66E465D}.AppStore|Any CPU.ActiveCfg = Release|Any CPU
		{EACCDB9F-2193-4629-A3C6-488EF66E465D}.AppStore|Any CPU.Build.0 = Release|Any CPU
		{EACCDB9F-2193-4629-A3C6-488EF66E465D}.AppStore|Any CPU.Deploy.0 = Release|Any CPU
		{EACCDB9F-2193-4629-A3C6-488EF66E465D}.AppStore|iPhone.ActiveCfg = Release|Any CPU
		{EACCDB9F-2193-4629-A3C6-488EF66E465D}.AppStore|iPhone.Build.0 = Release|Any CPU
		{EACCDB9F-2193-4629-A3C6-488EF66E465D}.AppStore|iPhone.Deploy.0 = Release|Any CPU
		{EACCDB9F-2193-4629-A3C6-488EF66E465D}.AppStore|iPhoneSimulator.ActiveCfg = Release|Any CPU
		{EACCDB9F-2193-4629-A3C6-488EF66E465D}.AppStore|iPhoneSimulator.Build.0 = Release|Any CPU
		{EACCDB9F-2193-4629-A3C6-488EF66E465D}.AppStore|iPhoneSimulator.Deploy.0 = Release|Any CPU
		{EACCDB9F-2193-4629-A3C6-488EF66E465D}.Debug|Any CPU.ActiveCfg = Debug|Any CPU
		{EACCDB9F-2193-4629-A3C6-488EF66E465D}.Debug|Any CPU.Build.0 = Debug|Any CPU
		{EACCDB9F-2193-4629-A3C6-488EF66E465D}.Debug|Any CPU.Deploy.0 = Debug|Any CPU
		{EACCDB9F-2193-4629-A3C6-488EF66E465D}.Debug|iPhone.ActiveCfg = Debug|Any CPU
		{EACCDB9F-2193-4629-A3C6-488EF66E465D}.Debug|iPhone.Build.0 = Debug|Any CPU
		{EACCDB9F-2193-4629-A3C6-488EF66E465D}.Debug|iPhone.Deploy.0 = Debug|Any CPU
		{EACCDB9F-2193-4629-A3C6-488EF66E465D}.Debug|iPhoneSimulator.ActiveCfg = Debug|Any CPU
		{EACCDB9F-2193-4629-A3C6-488EF66E465D}.Debug|iPhoneSimulator.Build.0 = Debug|Any CPU
		{EACCDB9F-2193-4629-A3C6-488EF66E465D}.Debug|iPhoneSimulator.Deploy.0 = Debug|Any CPU
		{EACCDB9F-2193-4629-A3C6-488EF66E465D}.Release|Any CPU.ActiveCfg = Release|Any CPU
		{EACCDB9F-2193-4629-A3C6-488EF66E465D}.Release|Any CPU.Build.0 = Release|Any CPU
		{EACCDB9F-2193-4629-A3C6-488EF66E465D}.Release|Any CPU.Deploy.0 = Release|Any CPU
		{EACCDB9F-2193-4629-A3C6-488EF66E465D}.Release|iPhone.ActiveCfg = Release|Any CPU
		{EACCDB9F-2193-4629-A3C6-488EF66E465D}.Release|iPhone.Build.0 = Release|Any CPU
		{EACCDB9F-2193-4629-A3C6-488EF66E465D}.Release|iPhone.Deploy.0 = Release|Any CPU
		{EACCDB9F-2193-4629-A3C6-488EF66E465D}.Release|iPhoneSimulator.ActiveCfg = Release|Any CPU
		{EACCDB9F-2193-4629-A3C6-488EF66E465D}.Release|iPhoneSimulator.Build.0 = Release|Any CPU
		{EACCDB9F-2193-4629-A3C6-488EF66E465D}.Release|iPhoneSimulator.Deploy.0 = Release|Any CPU
		{B0764FC7-DAD5-4C35-B4D4-C7E079700336}.Ad-Hoc|Any CPU.ActiveCfg = Ad-Hoc|iPhone
		{B0764FC7-DAD5-4C35-B4D4-C7E079700336}.Ad-Hoc|Any CPU.Build.0 = Ad-Hoc|iPhone
		{B0764FC7-DAD5-4C35-B4D4-C7E079700336}.Ad-Hoc|Any CPU.Deploy.0 = Ad-Hoc|iPhone
		{B0764FC7-DAD5-4C35-B4D4-C7E079700336}.Ad-Hoc|iPhone.ActiveCfg = Ad-Hoc|iPhone
		{B0764FC7-DAD5-4C35-B4D4-C7E079700336}.Ad-Hoc|iPhone.Build.0 = Ad-Hoc|iPhone
		{B0764FC7-DAD5-4C35-B4D4-C7E079700336}.Ad-Hoc|iPhone.Deploy.0 = Ad-Hoc|iPhone
		{B0764FC7-DAD5-4C35-B4D4-C7E079700336}.Ad-Hoc|iPhoneSimulator.ActiveCfg = Ad-Hoc|iPhoneSimulator
		{B0764FC7-DAD5-4C35-B4D4-C7E079700336}.Ad-Hoc|iPhoneSimulator.Build.0 = Ad-Hoc|iPhoneSimulator
		{B0764FC7-DAD5-4C35-B4D4-C7E079700336}.Ad-Hoc|iPhoneSimulator.Deploy.0 = Ad-Hoc|iPhoneSimulator
		{B0764FC7-DAD5-4C35-B4D4-C7E079700336}.AppStore|Any CPU.ActiveCfg = AppStore|iPhone
		{B0764FC7-DAD5-4C35-B4D4-C7E079700336}.AppStore|Any CPU.Build.0 = AppStore|iPhone
		{B0764FC7-DAD5-4C35-B4D4-C7E079700336}.AppStore|Any CPU.Deploy.0 = AppStore|iPhone
		{B0764FC7-DAD5-4C35-B4D4-C7E079700336}.AppStore|iPhone.ActiveCfg = AppStore|iPhone
		{B0764FC7-DAD5-4C35-B4D4-C7E079700336}.AppStore|iPhone.Build.0 = AppStore|iPhone
		{B0764FC7-DAD5-4C35-B4D4-C7E079700336}.AppStore|iPhone.Deploy.0 = AppStore|iPhone
		{B0764FC7-DAD5-4C35-B4D4-C7E079700336}.AppStore|iPhoneSimulator.ActiveCfg = AppStore|iPhoneSimulator
		{B0764FC7-DAD5-4C35-B4D4-C7E079700336}.AppStore|iPhoneSimulator.Build.0 = AppStore|iPhoneSimulator
		{B0764FC7-DAD5-4C35-B4D4-C7E079700336}.AppStore|iPhoneSimulator.Deploy.0 = AppStore|iPhoneSimulator
		{B0764FC7-DAD5-4C35-B4D4-C7E079700336}.Debug|Any CPU.ActiveCfg = Debug|iPhoneSimulator
		{B0764FC7-DAD5-4C35-B4D4-C7E079700336}.Debug|Any CPU.Build.0 = Debug|iPhoneSimulator
		{B0764FC7-DAD5-4C35-B4D4-C7E079700336}.Debug|Any CPU.Deploy.0 = Debug|iPhoneSimulator
		{B0764FC7-DAD5-4C35-B4D4-C7E079700336}.Debug|iPhone.ActiveCfg = Debug|iPhone
		{B0764FC7-DAD5-4C35-B4D4-C7E079700336}.Debug|iPhone.Build.0 = Debug|iPhone
		{B0764FC7-DAD5-4C35-B4D4-C7E079700336}.Debug|iPhone.Deploy.0 = Debug|iPhone
		{B0764FC7-DAD5-4C35-B4D4-C7E079700336}.Debug|iPhoneSimulator.ActiveCfg = Debug|iPhoneSimulator
		{B0764FC7-DAD5-4C35-B4D4-C7E079700336}.Debug|iPhoneSimulator.Build.0 = Debug|iPhoneSimulator
		{B0764FC7-DAD5-4C35-B4D4-C7E079700336}.Debug|iPhoneSimulator.Deploy.0 = Debug|iPhoneSimulator
		{B0764FC7-DAD5-4C35-B4D4-C7E079700336}.Release|Any CPU.ActiveCfg = Release|iPhone
		{B0764FC7-DAD5-4C35-B4D4-C7E079700336}.Release|Any CPU.Build.0 = Release|iPhone
		{B0764FC7-DAD5-4C35-B4D4-C7E079700336}.Release|Any CPU.Deploy.0 = Release|iPhone
		{B0764FC7-DAD5-4C35-B4D4-C7E079700336}.Release|iPhone.ActiveCfg = Release|iPhone
		{B0764FC7-DAD5-4C35-B4D4-C7E079700336}.Release|iPhone.Build.0 = Release|iPhone
		{B0764FC7-DAD5-4C35-B4D4-C7E079700336}.Release|iPhone.Deploy.0 = Release|iPhone
		{B0764FC7-DAD5-4C35-B4D4-C7E079700336}.Release|iPhoneSimulator.ActiveCfg = Release|iPhoneSimulator
		{B0764FC7-DAD5-4C35-B4D4-C7E079700336}.Release|iPhoneSimulator.Build.0 = Release|iPhoneSimulator
		{B0764FC7-DAD5-4C35-B4D4-C7E079700336}.Release|iPhoneSimulator.Deploy.0 = Release|iPhoneSimulator
		{998A9D70-0B4E-41D1-A6A4-9739980515BE}.Ad-Hoc|Any CPU.ActiveCfg = Debug|Any CPU
		{998A9D70-0B4E-41D1-A6A4-9739980515BE}.Ad-Hoc|Any CPU.Build.0 = Debug|Any CPU
		{998A9D70-0B4E-41D1-A6A4-9739980515BE}.Ad-Hoc|Any CPU.Deploy.0 = Debug|Any CPU
		{998A9D70-0B4E-41D1-A6A4-9739980515BE}.Ad-Hoc|iPhone.ActiveCfg = Debug|Any CPU
		{998A9D70-0B4E-41D1-A6A4-9739980515BE}.Ad-Hoc|iPhone.Build.0 = Debug|Any CPU
		{998A9D70-0B4E-41D1-A6A4-9739980515BE}.Ad-Hoc|iPhone.Deploy.0 = Debug|Any CPU
		{998A9D70-0B4E-41D1-A6A4-9739980515BE}.Ad-Hoc|iPhoneSimulator.ActiveCfg = Debug|Any CPU
		{998A9D70-0B4E-41D1-A6A4-9739980515BE}.Ad-Hoc|iPhoneSimulator.Build.0 = Debug|Any CPU
		{998A9D70-0B4E-41D1-A6A4-9739980515BE}.Ad-Hoc|iPhoneSimulator.Deploy.0 = Debug|Any CPU
		{998A9D70-0B4E-41D1-A6A4-9739980515BE}.AppStore|Any CPU.ActiveCfg = Debug|Any CPU
		{998A9D70-0B4E-41D1-A6A4-9739980515BE}.AppStore|Any CPU.Build.0 = Debug|Any CPU
		{998A9D70-0B4E-41D1-A6A4-9739980515BE}.AppStore|Any CPU.Deploy.0 = Debug|Any CPU
		{998A9D70-0B4E-41D1-A6A4-9739980515BE}.AppStore|iPhone.ActiveCfg = Debug|Any CPU
		{998A9D70-0B4E-41D1-A6A4-9739980515BE}.AppStore|iPhone.Build.0 = Debug|Any CPU
		{998A9D70-0B4E-41D1-A6A4-9739980515BE}.AppStore|iPhone.Deploy.0 = Debug|Any CPU
		{998A9D70-0B4E-41D1-A6A4-9739980515BE}.AppStore|iPhoneSimulator.ActiveCfg = Debug|Any CPU
		{998A9D70-0B4E-41D1-A6A4-9739980515BE}.AppStore|iPhoneSimulator.Build.0 = Debug|Any CPU
		{998A9D70-0B4E-41D1-A6A4-9739980515BE}.AppStore|iPhoneSimulator.Deploy.0 = Debug|Any CPU
		{998A9D70-0B4E-41D1-A6A4-9739980515BE}.Debug|Any CPU.ActiveCfg = Debug|Any CPU
		{998A9D70-0B4E-41D1-A6A4-9739980515BE}.Debug|Any CPU.Build.0 = Debug|Any CPU
		{998A9D70-0B4E-41D1-A6A4-9739980515BE}.Debug|Any CPU.Deploy.0 = Debug|Any CPU
		{998A9D70-0B4E-41D1-A6A4-9739980515BE}.Debug|iPhone.ActiveCfg = Debug|Any CPU
		{998A9D70-0B4E-41D1-A6A4-9739980515BE}.Debug|iPhone.Build.0 = Debug|Any CPU
		{998A9D70-0B4E-41D1-A6A4-9739980515BE}.Debug|iPhone.Deploy.0 = Debug|Any CPU
		{998A9D70-0B4E-41D1-A6A4-9739980515BE}.Debug|iPhoneSimulator.ActiveCfg = Debug|Any CPU
		{998A9D70-0B4E-41D1-A6A4-9739980515BE}.Debug|iPhoneSimulator.Build.0 = Debug|Any CPU
		{998A9D70-0B4E-41D1-A6A4-9739980515BE}.Debug|iPhoneSimulator.Deploy.0 = Debug|Any CPU
		{998A9D70-0B4E-41D1-A6A4-9739980515BE}.Release|Any CPU.ActiveCfg = Release|Any CPU
		{998A9D70-0B4E-41D1-A6A4-9739980515BE}.Release|Any CPU.Build.0 = Release|Any CPU
		{998A9D70-0B4E-41D1-A6A4-9739980515BE}.Release|Any CPU.Deploy.0 = Release|Any CPU
		{998A9D70-0B4E-41D1-A6A4-9739980515BE}.Release|iPhone.ActiveCfg = Release|Any CPU
		{998A9D70-0B4E-41D1-A6A4-9739980515BE}.Release|iPhone.Build.0 = Release|Any CPU
		{998A9D70-0B4E-41D1-A6A4-9739980515BE}.Release|iPhone.Deploy.0 = Release|Any CPU
		{998A9D70-0B4E-41D1-A6A4-9739980515BE}.Release|iPhoneSimulator.ActiveCfg = Release|Any CPU
		{998A9D70-0B4E-41D1-A6A4-9739980515BE}.Release|iPhoneSimulator.Build.0 = Release|Any CPU
		{998A9D70-0B4E-41D1-A6A4-9739980515BE}.Release|iPhoneSimulator.Deploy.0 = Release|Any CPU
	EndGlobalSection
	GlobalSection(SolutionProperties) = preSolution
		HideSolutionNode = FALSE
	EndGlobalSection
	GlobalSection(ExtensibilityGlobals) = postSolution
		SolutionGuid = {A0DDD1D7-8055-4317-937E-96D75CE96DA3}
	EndGlobalSection
EndGlobal
